// !$*UTF8*$!
{
	archiveVersion = 1;
	classes = {
	};
	objectVersion = 42;
	objects = {

/* Begin PBXAggregateTarget section */
		9358AEAB0A37E12500E13548 /* Letterbox Installer */ = {
			isa = PBXAggregateTarget;
			buildConfigurationList = 9358AEB00A37E15300E13548 /* Build configuration list for PBXAggregateTarget "Letterbox Installer" */;
			buildPhases = (
				9358AEB40A37E16F00E13548 /* Compile Installer Applescript */,
				9358AECA0A37E1D900E13548 /* Create disk image */,
			);
			buildSettings = {
				PRODUCT_NAME = "Letterbox Installer";
			};
			dependencies = (
				9358AEAD0A37E13500E13548 /* PBXTargetDependency */,
			);
			name = "Letterbox Installer";
			productName = "Letterbox Installer";
		};
/* End PBXAggregateTarget section */

/* Begin PBXBuildFile section */
		8D5B49B0048680CD000E48DA /* InfoPlist.strings in Resources */ = {isa = PBXBuildFile; fileRef = 089C167DFE841241C02AAC07 /* InfoPlist.strings */; };
		8D5B49B4048680CD000E48DA /* Cocoa.framework in Frameworks */ = {isa = PBXBuildFile; fileRef = 1058C7ADFEA557BF11CA2CBB /* Cocoa.framework */; };
		930A00A70A373F3B005EAB07 /* Letterbox.icns in Resources */ = {isa = PBXBuildFile; fileRef = 930A00A60A373F3B005EAB07 /* Letterbox.icns */; };
		930AFFE50A3736CE005EAB07 /* LetterboxBundle.m in Sources */ = {isa = PBXBuildFile; fileRef = 930AFFE40A3736CE005EAB07 /* LetterboxBundle.m */; };
		930AFFEA0A3736E4005EAB07 /* LetterboxExpandingSplitView.m in Sources */ = {isa = PBXBuildFile; fileRef = 930AFFE90A3736E4005EAB07 /* LetterboxExpandingSplitView.m */; };
		930AFFF00A373793005EAB07 /* Message.framework in Frameworks */ = {isa = PBXBuildFile; fileRef = 930AFFEF0A373793005EAB07 /* Message.framework */; };
		9358ABC50A37CD4A00E13548 /* MessageViewer+Letterbox.m in Sources */ = {isa = PBXBuildFile; fileRef = 9358ABC40A37CD4A00E13548 /* MessageViewer+Letterbox.m */; };
		9358AD4C0A37D01800E13548 /* MessageContentController+Letterbox.m in Sources */ = {isa = PBXBuildFile; fileRef = 9358AD4B0A37D01800E13548 /* MessageContentController+Letterbox.m */; };
		9358ADAE0A37D18100E13548 /* MessageHeaderDisplay+Letterbox.m in Sources */ = {isa = PBXBuildFile; fileRef = 9358ADAD0A37D18100E13548 /* MessageHeaderDisplay+Letterbox.m */; };
/* End PBXBuildFile section */

/* Begin PBXBuildStyle section */
		014CEA420018CDE011CA2923 /* Debug */ = {
			isa = PBXBuildStyle;
			buildSettings = {
			};
			name = Debug;
		};
		014CEA430018CDE011CA2923 /* Release */ = {
			isa = PBXBuildStyle;
			buildSettings = {
			};
			name = Release;
		};
/* End PBXBuildStyle section */

/* Begin PBXContainerItemProxy section */
		9358AEAC0A37E13500E13548 /* PBXContainerItemProxy */ = {
			isa = PBXContainerItemProxy;
			containerPortal = 089C1669FE841209C02AAC07 /* Project object */;
			proxyType = 1;
			remoteGlobalIDString = 8D5B49AC048680CD000E48DA;
			remoteInfo = Letterbox;
		};
/* End PBXContainerItemProxy section */

/* Begin PBXFileReference section */
		089C1672FE841209C02AAC07 /* Foundation.framework */ = {isa = PBXFileReference; lastKnownFileType = wrapper.framework; name = Foundation.framework; path = /System/Library/Frameworks/Foundation.framework; sourceTree = "<absolute>"; };
		089C167EFE841241C02AAC07 /* English */ = {isa = PBXFileReference; fileEncoding = 10; lastKnownFileType = text.plist.strings; name = English; path = English.lproj/InfoPlist.strings; sourceTree = "<group>"; };
		089C167FFE841241C02AAC07 /* AppKit.framework */ = {isa = PBXFileReference; lastKnownFileType = wrapper.framework; name = AppKit.framework; path = /System/Library/Frameworks/AppKit.framework; sourceTree = "<absolute>"; };
		1058C7ADFEA557BF11CA2CBB /* Cocoa.framework */ = {isa = PBXFileReference; lastKnownFileType = wrapper.framework; name = Cocoa.framework; path = /System/Library/Frameworks/Cocoa.framework; sourceTree = "<absolute>"; };
		32DBCF630370AF2F00C91783 /* Letterbox_Prefix.pch */ = {isa = PBXFileReference; fileEncoding = 4; lastKnownFileType = sourcecode.c.h; path = Letterbox_Prefix.pch; sourceTree = "<group>"; };
		8D5B49B6048680CD000E48DA /* Letterbox.mailbundle */ = {isa = PBXFileReference; explicitFileType = wrapper.cfbundle; includeInIndex = 0; path = Letterbox.mailbundle; sourceTree = BUILT_PRODUCTS_DIR; };
		8D5B49B7048680CD000E48DA /* Info.plist */ = {isa = PBXFileReference; fileEncoding = 4; lastKnownFileType = text.xml; path = Info.plist; sourceTree = "<group>"; };
		930A00A60A373F3B005EAB07 /* Letterbox.icns */ = {isa = PBXFileReference; lastKnownFileType = image.icns; path = Letterbox.icns; sourceTree = "<group>"; };
		930AFFDE0A3736A5005EAB07 /* MVMailBundle.h */ = {isa = PBXFileReference; fileEncoding = 4; lastKnownFileType = sourcecode.c.h; path = MVMailBundle.h; sourceTree = "<group>"; };
		930AFFE00A3736B9005EAB07 /* ExpandingSplitView.h */ = {isa = PBXFileReference; fileEncoding = 4; lastKnownFileType = sourcecode.c.h; path = ExpandingSplitView.h; sourceTree = "<group>"; };
		930AFFE30A3736CE005EAB07 /* LetterboxBundle.h */ = {isa = PBXFileReference; fileEncoding = 4; lastKnownFileType = sourcecode.c.h; path = LetterboxBundle.h; sourceTree = "<group>"; };
		930AFFE40A3736CE005EAB07 /* LetterboxBundle.m */ = {isa = PBXFileReference; fileEncoding = 4; lastKnownFileType = sourcecode.c.objc; path = LetterboxBundle.m; sourceTree = "<group>"; };
		930AFFE80A3736E4005EAB07 /* LetterboxExpandingSplitView.h */ = {isa = PBXFileReference; fileEncoding = 4; lastKnownFileType = sourcecode.c.h; path = LetterboxExpandingSplitView.h; sourceTree = "<group>"; };
		930AFFE90A3736E4005EAB07 /* LetterboxExpandingSplitView.m */ = {isa = PBXFileReference; fileEncoding = 4; lastKnownFileType = sourcecode.c.objc; path = LetterboxExpandingSplitView.m; sourceTree = "<group>"; };
		930AFFEF0A373793005EAB07 /* Message.framework */ = {isa = PBXFileReference; lastKnownFileType = wrapper.framework; name = Message.framework; path = /System/Library/Frameworks/Message.framework; sourceTree = "<absolute>"; };
		9358AB700A37C8CB00E13548 /* MessageViewer.h */ = {isa = PBXFileReference; fileEncoding = 4; lastKnownFileType = sourcecode.c.h; path = MessageViewer.h; sourceTree = "<group>"; };
		9358ABB10A37CBFE00E13548 /* MVMailboxSelectionOwner.h */ = {isa = PBXFileReference; fileEncoding = 4; lastKnownFileType = sourcecode.c.h; path = MVMailboxSelectionOwner.h; sourceTree = "<group>"; };
		9358ABC30A37CD4A00E13548 /* MessageViewer+Letterbox.h */ = {isa = PBXFileReference; fileEncoding = 4; lastKnownFileType = sourcecode.c.h; path = "MessageViewer+Letterbox.h"; sourceTree = "<group>"; };
		9358ABC40A37CD4A00E13548 /* MessageViewer+Letterbox.m */ = {isa = PBXFileReference; fileEncoding = 4; lastKnownFileType = sourcecode.c.objc; path = "MessageViewer+Letterbox.m"; sourceTree = "<group>"; };
		9358AD470A37CF7500E13548 /* MessageContentController.h */ = {isa = PBXFileReference; fileEncoding = 4; lastKnownFileType = sourcecode.c.h; path = MessageContentController.h; sourceTree = "<group>"; };
		9358AD4A0A37D01800E13548 /* MessageContentController+Letterbox.h */ = {isa = PBXFileReference; fileEncoding = 4; lastKnownFileType = sourcecode.c.h; path = "MessageContentController+Letterbox.h"; sourceTree = "<group>"; };
		9358AD4B0A37D01800E13548 /* MessageContentController+Letterbox.m */ = {isa = PBXFileReference; fileEncoding = 4; lastKnownFileType = sourcecode.c.objc; path = "MessageContentController+Letterbox.m"; sourceTree = "<group>"; };
		9358ADA70A37D13300E13548 /* MessageHeaderDisplay.h */ = {isa = PBXFileReference; fileEncoding = 4; lastKnownFileType = sourcecode.c.h; path = MessageHeaderDisplay.h; sourceTree = "<group>"; };
		9358ADAC0A37D18100E13548 /* MessageHeaderDisplay+Letterbox.h */ = {isa = PBXFileReference; fileEncoding = 4; lastKnownFileType = sourcecode.c.h; path = "MessageHeaderDisplay+Letterbox.h"; sourceTree = "<group>"; };
		9358ADAD0A37D18100E13548 /* MessageHeaderDisplay+Letterbox.m */ = {isa = PBXFileReference; fileEncoding = 4; lastKnownFileType = sourcecode.c.objc; path = "MessageHeaderDisplay+Letterbox.m"; sourceTree = "<group>"; };
		9358AE080A37D46E00E13548 /* MessageHeaderView.h */ = {isa = PBXFileReference; fileEncoding = 4; lastKnownFileType = sourcecode.c.h; path = MessageHeaderView.h; sourceTree = "<group>"; };
		9358AF0B0A37E6AE00E13548 /* Install.applescript */ = {isa = PBXFileReference; fileEncoding = 4; lastKnownFileType = sourcecode.applescript; path = Install.applescript; sourceTree = "<group>"; };
		9358AF560A37E9FC00E13548 /* Install.icns */ = {isa = PBXFileReference; lastKnownFileType = image.icns; path = Install.icns; sourceTree = "<group>"; };
		93C289290A3760610028067B /* Letterbox.icns.r */ = {isa = PBXFileReference; fileEncoding = 4; lastKnownFileType = sourcecode.rez; path = Letterbox.icns.r; sourceTree = "<group>"; };
		D2F7E65807B2D6F200F64583 /* CoreData.framework */ = {isa = PBXFileReference; lastKnownFileType = wrapper.framework; name = CoreData.framework; path = /System/Library/Frameworks/CoreData.framework; sourceTree = "<absolute>"; };
/* End PBXFileReference section */

/* Begin PBXFrameworksBuildPhase section */
		8D5B49B3048680CD000E48DA /* Frameworks */ = {
			isa = PBXFrameworksBuildPhase;
			buildActionMask = 2147483647;
			files = (
				8D5B49B4048680CD000E48DA /* Cocoa.framework in Frameworks */,
				930AFFF00A373793005EAB07 /* Message.framework in Frameworks */,
			);
			runOnlyForDeploymentPostprocessing = 0;
		};
/* End PBXFrameworksBuildPhase section */

/* Begin PBXGroup section */
		089C166AFE841209C02AAC07 /* Letterbox */ = {
			isa = PBXGroup;
			children = (
				930AFFDC0A37369A005EAB07 /* Apple Headers */,
				9358ABBE0A37CC9100E13548 /* Customization Categories */,
				9358AB8D0A37CA9000E13548 /* Customization Classes */,
				9358ABC10A37CCDB00E13548 /* Letterbox Classes */,
				32C88E010371C26100C91783 /* Letterbox Headers */,
				089C167CFE841241C02AAC07 /* Resources */,
				93C2892F0A376A290028067B /* Installer */,
				089C1671FE841209C02AAC07 /* Frameworks and Libraries */,
				19C28FB8FE9D52D311CA2CBB /* Products */,
			);
			name = Letterbox;
			sourceTree = "<group>";
		};
		089C1671FE841209C02AAC07 /* Frameworks and Libraries */ = {
			isa = PBXGroup;
			children = (
				1058C7ACFEA557BF11CA2CBB /* Linked Frameworks */,
				1058C7AEFEA557BF11CA2CBB /* Other Frameworks */,
			);
			name = "Frameworks and Libraries";
			sourceTree = "<group>";
		};
		089C167CFE841241C02AAC07 /* Resources */ = {
			isa = PBXGroup;
			children = (
				930A00A60A373F3B005EAB07 /* Letterbox.icns */,
				93C289290A3760610028067B /* Letterbox.icns.r */,
				9358AF560A37E9FC00E13548 /* Install.icns */,
				8D5B49B7048680CD000E48DA /* Info.plist */,
				089C167DFE841241C02AAC07 /* InfoPlist.strings */,
			);
			name = Resources;
			sourceTree = "<group>";
		};
		1058C7ACFEA557BF11CA2CBB /* Linked Frameworks */ = {
			isa = PBXGroup;
			children = (
				930AFFEF0A373793005EAB07 /* Message.framework */,
				1058C7ADFEA557BF11CA2CBB /* Cocoa.framework */,
			);
			name = "Linked Frameworks";
			sourceTree = "<group>";
		};
		1058C7AEFEA557BF11CA2CBB /* Other Frameworks */ = {
			isa = PBXGroup;
			children = (
				089C167FFE841241C02AAC07 /* AppKit.framework */,
				D2F7E65807B2D6F200F64583 /* CoreData.framework */,
				089C1672FE841209C02AAC07 /* Foundation.framework */,
			);
			name = "Other Frameworks";
			sourceTree = "<group>";
		};
		19C28FB8FE9D52D311CA2CBB /* Products */ = {
			isa = PBXGroup;
			children = (
				8D5B49B6048680CD000E48DA /* Letterbox.mailbundle */,
			);
			name = Products;
			sourceTree = "<group>";
		};
		32C88E010371C26100C91783 /* Letterbox Headers */ = {
			isa = PBXGroup;
			children = (
				32DBCF630370AF2F00C91783 /* Letterbox_Prefix.pch */,
			);
			name = "Letterbox Headers";
			sourceTree = "<group>";
		};
		930AFFDC0A37369A005EAB07 /* Apple Headers */ = {
			isa = PBXGroup;
			children = (
				930AFFDF0A3736B9005EAB07 /* Message.framework Headers */,
				930AFFDD0A3736A5005EAB07 /* Mail Headers */,
			);
			name = "Apple Headers";
			sourceTree = "<group>";
		};
		930AFFDD0A3736A5005EAB07 /* Mail Headers */ = {
			isa = PBXGroup;
			children = (
				9358AB7E0A37CA0700E13548 /* Controllers */,
				9358AB7D0A37C9FC00E13548 /* Views */,
				9358AB7C0A37C9E900E13548 /* Models */,
				9358AB730A37C96900E13548 /* Protocols */,
			);
			name = "Mail Headers";
			sourceTree = "<group>";
		};
		930AFFDF0A3736B9005EAB07 /* Message.framework Headers */ = {
			isa = PBXGroup;
			children = (
				9358AB7F0A37CA3500E13548 /* Models */,
				9358AB800A37CA5400E13548 /* Views */,
				9358AB810A37CA6200E13548 /* Controllers */,
			);
			name = "Message.framework Headers";
			sourceTree = "<group>";
		};
		930AFFEB0A373733005EAB07 /* Views */ = {
			isa = PBXGroup;
			children = (
				930AFFE80A3736E4005EAB07 /* LetterboxExpandingSplitView.h */,
				930AFFE90A3736E4005EAB07 /* LetterboxExpandingSplitView.m */,
			);
			name = Views;
			sourceTree = "<group>";
		};
		930AFFEC0A37373A005EAB07 /* Controllers */ = {
			isa = PBXGroup;
			children = (
				930AFFE30A3736CE005EAB07 /* LetterboxBundle.h */,
				930AFFE40A3736CE005EAB07 /* LetterboxBundle.m */,
			);
			name = Controllers;
			sourceTree = "<group>";
		};
		9358AB730A37C96900E13548 /* Protocols */ = {
			isa = PBXGroup;
			children = (
				9358ABB10A37CBFE00E13548 /* MVMailboxSelectionOwner.h */,
			);
			name = Protocols;
			sourceTree = "<group>";
		};
		9358AB7C0A37C9E900E13548 /* Models */ = {
			isa = PBXGroup;
			children = (
			);
			name = Models;
			sourceTree = "<group>";
		};
		9358AB7D0A37C9FC00E13548 /* Views */ = {
			isa = PBXGroup;
			children = (
				9358AE080A37D46E00E13548 /* MessageHeaderView.h */,
			);
			name = Views;
			sourceTree = "<group>";
		};
		9358AB7E0A37CA0700E13548 /* Controllers */ = {
			isa = PBXGroup;
			children = (
				9358AB700A37C8CB00E13548 /* MessageViewer.h */,
				930AFFDE0A3736A5005EAB07 /* MVMailBundle.h */,
				9358AD470A37CF7500E13548 /* MessageContentController.h */,
				9358ADA70A37D13300E13548 /* MessageHeaderDisplay.h */,
			);
			name = Controllers;
			sourceTree = "<group>";
		};
		9358AB7F0A37CA3500E13548 /* Models */ = {
			isa = PBXGroup;
			children = (
			);
			name = Models;
			sourceTree = "<group>";
		};
		9358AB800A37CA5400E13548 /* Views */ = {
			isa = PBXGroup;
			children = (
				930AFFE00A3736B9005EAB07 /* ExpandingSplitView.h */,
			);
			name = Views;
			sourceTree = "<group>";
		};
		9358AB810A37CA6200E13548 /* Controllers */ = {
			isa = PBXGroup;
			children = (
			);
			name = Controllers;
			sourceTree = "<group>";
		};
		9358AB8D0A37CA9000E13548 /* Customization Classes */ = {
			isa = PBXGroup;
			children = (
				9358AB8E0A37CAB000E13548 /* Models */,
				930AFFEB0A373733005EAB07 /* Views */,
				930AFFEC0A37373A005EAB07 /* Controllers */,
			);
			name = "Customization Classes";
			sourceTree = "<group>";
		};
		9358AB8E0A37CAB000E13548 /* Models */ = {
			isa = PBXGroup;
			children = (
			);
			name = Models;
			sourceTree = "<group>";
		};
		9358ABBE0A37CC9100E13548 /* Customization Categories */ = {
			isa = PBXGroup;
			children = (
				9358ABC20A37CD0500E13548 /* Controllers */,
				9358ABC00A37CCB300E13548 /* Views */,
				9358ABBF0A37CCAA00E13548 /* Models */,
			);
			name = "Customization Categories";
			sourceTree = "<group>";
		};
		9358ABBF0A37CCAA00E13548 /* Models */ = {
			isa = PBXGroup;
			children = (
			);
			name = Models;
			sourceTree = "<group>";
		};
		9358ABC00A37CCB300E13548 /* Views */ = {
			isa = PBXGroup;
			children = (
			);
			name = Views;
			sourceTree = "<group>";
		};
		9358ABC10A37CCDB00E13548 /* Letterbox Classes */ = {
			isa = PBXGroup;
			children = (
			);
			name = "Letterbox Classes";
			sourceTree = "<group>";
		};
		9358ABC20A37CD0500E13548 /* Controllers */ = {
			isa = PBXGroup;
			children = (
				9358ABC30A37CD4A00E13548 /* MessageViewer+Letterbox.h */,
				9358ABC40A37CD4A00E13548 /* MessageViewer+Letterbox.m */,
				9358AD4A0A37D01800E13548 /* MessageContentController+Letterbox.h */,
				9358AD4B0A37D01800E13548 /* MessageContentController+Letterbox.m */,
				9358ADAC0A37D18100E13548 /* MessageHeaderDisplay+Letterbox.h */,
				9358ADAD0A37D18100E13548 /* MessageHeaderDisplay+Letterbox.m */,
			);
			name = Controllers;
			sourceTree = "<group>";
		};
		93C2892F0A376A290028067B /* Installer */ = {
			isa = PBXGroup;
			children = (
				9358AF0B0A37E6AE00E13548 /* Install.applescript */,
			);
			name = Installer;
			sourceTree = "<group>";
		};
/* End PBXGroup section */

/* Begin PBXNativeTarget section */
		8D5B49AC048680CD000E48DA /* Letterbox */ = {
			isa = PBXNativeTarget;
			buildConfigurationList = 1DEB913A08733D840010E9CD /* Build configuration list for PBXNativeTarget "Letterbox" */;
			buildPhases = (
				8D5B49AF048680CD000E48DA /* Resources */,
				8D5B49B1048680CD000E48DA /* Sources */,
				8D5B49B3048680CD000E48DA /* Frameworks */,
				9358AEDB0A37E41900E13548 /* Update build number */,
				930A00C90A375166005EAB07 /* Set Icon */,
				930A00800A373BE8005EAB07 /* Set Bundle Bit */,
			);
			buildRules = (
			);
			buildSettings = {
			};
			dependencies = (
			);
			name = Letterbox;
			productInstallPath = "$(HOME)/Library/Bundles";
			productName = Letterbox;
			productReference = 8D5B49B6048680CD000E48DA /* Letterbox.mailbundle */;
			productType = "com.apple.product-type.bundle";
		};
/* End PBXNativeTarget section */

/* Begin PBXProject section */
		089C1669FE841209C02AAC07 /* Project object */ = {
			isa = PBXProject;
			buildConfigurationList = 1DEB913E08733D840010E9CD /* Build configuration list for PBXProject "Letterbox" */;
			buildSettings = {
			};
			buildStyles = (
				014CEA420018CDE011CA2923 /* Debug */,
				014CEA430018CDE011CA2923 /* Release */,
			);
			hasScannedForEncodings = 1;
			mainGroup = 089C166AFE841209C02AAC07 /* Letterbox */;
			projectDirPath = "";
			targets = (
				8D5B49AC048680CD000E48DA /* Letterbox */,
				9358AEAB0A37E12500E13548 /* Letterbox Installer */,
			);
		};
/* End PBXProject section */

/* Begin PBXResourcesBuildPhase section */
		8D5B49AF048680CD000E48DA /* Resources */ = {
			isa = PBXResourcesBuildPhase;
			buildActionMask = 2147483647;
			files = (
				8D5B49B0048680CD000E48DA /* InfoPlist.strings in Resources */,
				930A00A70A373F3B005EAB07 /* Letterbox.icns in Resources */,
			);
			runOnlyForDeploymentPostprocessing = 0;
		};
/* End PBXResourcesBuildPhase section */

/* Begin PBXShellScriptBuildPhase section */
		930A00800A373BE8005EAB07 /* Set Bundle Bit */ = {
			isa = PBXShellScriptBuildPhase;
			buildActionMask = 2147483647;
			files = (
			);
			inputPaths = (
			);
			name = "Set Bundle Bit";
			outputPaths = (
			);
			runOnlyForDeploymentPostprocessing = 0;
			shellPath = /bin/sh;
			shellScript = "# We set the 'bundle bit' so that the plugin\n# appears as a single file, rather than as a folder.\n\n/Developer/Tools/SetFile -a B \"$TARGET_BUILD_DIR/$TARGET_NAME.$WRAPPER_EXTENSION\"\n";
		};
		930A00C90A375166005EAB07 /* Set Icon */ = {
			isa = PBXShellScriptBuildPhase;
			buildActionMask = 2147483647;
			files = (
			);
			inputPaths = (
				"$(SRCROOT)/Letterbox.icns.r",
			);
			name = "Set Icon";
			outputPaths = (
			);
			runOnlyForDeploymentPostprocessing = 0;
			shellPath = /bin/sh;
			shellScript = "# Copy icon to the .mailbundle\n\n#\n# This step requires us to have first created a data-fork copy of\n#  an appropriate Icon^M file from a folder with the custom icon we\n#  want.\n#\n# Procedure to do this:\n#  1. Create an empty folder\n#  2. Paste a custom icon onto it\n#  3. in Terminal: cp thefolder/Icon^M/rsrc myicon.icns.r\n#\n\n# set up some paths\ntarget_path=\"$TARGET_BUILD_DIR/$PRODUCT_NAME.$WRAPPER_EXTENSION\"\nicon_filename=\"$(perl -e 'print \"Icon\\r\"')\"\n\n# make an empty Icon^M file\ntouch \"$target_path/$icon_filename\"\n\n# copy the icon resource into it\ncp \"$SRCROOT/Letterbox.icns.r\" \"$target_path/$icon_filename/rsrc\"\n\n# and set the custom icon bit of the folder\n/Developer/Tools/SetFile -a C \"$target_path\"\n";
		};
		9358AEB40A37E16F00E13548 /* Compile Installer Applescript */ = {
			isa = PBXShellScriptBuildPhase;
			buildActionMask = 2147483647;
			files = (
			);
			inputPaths = (
			);
			name = "Compile Installer Applescript";
			outputPaths = (
			);
			runOnlyForDeploymentPostprocessing = 0;
			shellPath = /bin/sh;
			shellScript = "input_script=\"$SRCROOT/Install.applescript\"\ninput_icon=\"$SRCROOT/Install.icns\"\noutput_app=\"$TARGET_BUILD_DIR/Install Letterbox.app\"\n\n# compile the script into an application\nosacompile  -o \"$output_app\" \"$input_script\"\n\n# and set the icon for the application\ncp \"$input_icon\" \"$output_app/Contents/Resources/applet.icns\"\n\n";
		};
		9358AECA0A37E1D900E13548 /* Create disk image */ = {
			isa = PBXShellScriptBuildPhase;
			buildActionMask = 2147483647;
			files = (
			);
			inputPaths = (
			);
			name = "Create disk image";
			outputPaths = (
			);
			runOnlyForDeploymentPostprocessing = 0;
			shellPath = /bin/sh;
			shellScript = "#\n# This build phase creates a disk image containing the plugin and an installer.\n#\nvolume_name=\"Letterbox\"\ndisk_image_name=\"Letterbox.dmg\"\n\noutput_dmg=\"$TARGET_BUILD_DIR/$disk_image_name\"\nif [ -f \"$output_dmg\" ]; then\n\trm \"$output_dmg\"\nfi\n\nhdiutil create -fs HFS+ -srcfolder \"$TARGET_BUILD_DIR\" -volname \"$volume_name\" -format UDZO -imagekey zlig-level=9 -o \"$output_dmg\"\n";
		};
		9358AEDB0A37E41900E13548 /* Update build number */ = {
			isa = PBXShellScriptBuildPhase;
			buildActionMask = 2147483647;
			files = (
			);
			inputPaths = (
			);
			name = "Update build number";
			outputPaths = (
			);
			runOnlyForDeploymentPostprocessing = 0;
			shellPath = "/usr/bin/perl -w";
			shellScript = "# Xcode auto-versioning script for Subversion\n# by Axel Andersson, modified by Daniel Jalkut to add\n# \"--revision HEAD\" to the svn info line, which allows\n# the latest revision to always be used.\n\nuse strict;\n\ndie \"$0: Must be run from Xcode\" unless $ENV{\"BUILT_PRODUCTS_DIR\"};\n\n# Get the current subversion revision number and use it to set the CFBundleVersion value\nmy $REV = `/usr/local/bin/svnversion -n ./`;\nmy $INFO = \"$ENV{BUILT_PRODUCTS_DIR}/$ENV{WRAPPER_NAME}/Contents/Info.plist\";\n\nmy $version = $REV;\n\n# (Match the last group of digits and optional letter M/S):\n\n# ugly yet functional (barely) regex by Daniel Jalkut:\n#$version =~ s/([\\d]*:)(\\d+[M|S]*).*/$2/;\n\n# better yet still functional regex via Kevin \"Regex Nerd\" Ballard\n($version =~ m/\\d+[MS]*$/) && ($version = $&);\n\ndie \"$0: No Subversion revision found\" unless $version;\n\nopen(FH, \"$INFO\") or die \"$0: $INFO: $!\";\nmy $info = join(\"\", <FH>);\nclose(FH);\n\n$info =~ s/([\\t ]+<key>CFBundleVersion<\\/key>\\n[\\t ]+<string>).*?(<\\/string>)/$1$version$2/;\n\nopen(FH, \">$INFO\") or die \"$0: $INFO: $!\";\nprint FH $info;\nclose(FH);\n";
		};
/* End PBXShellScriptBuildPhase section */

/* Begin PBXSourcesBuildPhase section */
		8D5B49B1048680CD000E48DA /* Sources */ = {
			isa = PBXSourcesBuildPhase;
			buildActionMask = 2147483647;
			files = (
				930AFFE50A3736CE005EAB07 /* LetterboxBundle.m in Sources */,
				930AFFEA0A3736E4005EAB07 /* LetterboxExpandingSplitView.m in Sources */,
				9358ABC50A37CD4A00E13548 /* MessageViewer+Letterbox.m in Sources */,
				9358AD4C0A37D01800E13548 /* MessageContentController+Letterbox.m in Sources */,
				9358ADAE0A37D18100E13548 /* MessageHeaderDisplay+Letterbox.m in Sources */,
			);
			runOnlyForDeploymentPostprocessing = 0;
		};
/* End PBXSourcesBuildPhase section */

/* Begin PBXTargetDependency section */
		9358AEAD0A37E13500E13548 /* PBXTargetDependency */ = {
			isa = PBXTargetDependency;
			target = 8D5B49AC048680CD000E48DA /* Letterbox */;
			targetProxy = 9358AEAC0A37E13500E13548 /* PBXContainerItemProxy */;
		};
/* End PBXTargetDependency section */

/* Begin PBXVariantGroup section */
		089C167DFE841241C02AAC07 /* InfoPlist.strings */ = {
			isa = PBXVariantGroup;
			children = (
				089C167EFE841241C02AAC07 /* English */,
			);
			name = InfoPlist.strings;
			sourceTree = "<group>";
		};
/* End PBXVariantGroup section */

/* Begin XCBuildConfiguration section */
		1DEB913B08733D840010E9CD /* Debug */ = {
			isa = XCBuildConfiguration;
			buildSettings = {
				BUNDLE_LOADER = /Applications/Mail.app/Contents/MacOS/Mail;
				COPY_PHASE_STRIP = NO;
				GCC_DYNAMIC_NO_PIC = NO;
				GCC_ENABLE_FIX_AND_CONTINUE = YES;
				GCC_MODEL_TUNING = G5;
				GCC_OPTIMIZATION_LEVEL = 0;
				GCC_PRECOMPILE_PREFIX_HEADER = YES;
				GCC_PREFIX_HEADER = Letterbox_Prefix.pch;
				INFOPLIST_FILE = Info.plist;
				INSTALL_PATH = "$(HOME)/Library/Mail/Bundles";
				OTHER_LDFLAGS = (
					"-undefined",
					dynamic_lookup,
				);
				PRODUCT_NAME = Letterbox;
				WRAPPER_EXTENSION = mailbundle;
				ZERO_LINK = YES;
			};
			name = Debug;
		};
		1DEB913C08733D840010E9CD /* Release */ = {
			isa = XCBuildConfiguration;
			buildSettings = {
				ARCHS = (
					ppc,
					i386,
				);
				BUNDLE_LOADER = /Applications/Mail.app/Contents/MacOS/Mail;
				GCC_GENERATE_DEBUGGING_SYMBOLS = NO;
				GCC_MODEL_TUNING = G5;
				GCC_PRECOMPILE_PREFIX_HEADER = YES;
				GCC_PREFIX_HEADER = Letterbox_Prefix.pch;
				INFOPLIST_FILE = Info.plist;
				INSTALL_PATH = "$(HOME)/Library/Mail/Bundles";
				OTHER_LDFLAGS = (
					"-undefined",
					dynamic_lookup,
				);
				PRODUCT_NAME = Letterbox;
				WRAPPER_EXTENSION = mailbundle;
			};
			name = Release;
		};
		1DEB913F08733D840010E9CD /* Debug */ = {
			isa = XCBuildConfiguration;
			buildSettings = {
				GCC_WARN_ABOUT_RETURN_TYPE = YES;
				GCC_WARN_UNUSED_VARIABLE = YES;
				PREBINDING = NO;
				SDKROOT = /Developer/SDKs/MacOSX10.4u.sdk;
			};
			name = Debug;
		};
		1DEB914008733D840010E9CD /* Release */ = {
			isa = XCBuildConfiguration;
			buildSettings = {
				GCC_WARN_ABOUT_RETURN_TYPE = YES;
				GCC_WARN_UNUSED_VARIABLE = YES;
				PREBINDING = NO;
				SDKROOT = /Developer/SDKs/MacOSX10.4u.sdk;
			};
			name = Release;
		};
		9358AEB10A37E15300E13548 /* Debug */ = {
			isa = XCBuildConfiguration;
			buildSettings = {
				COPY_PHASE_STRIP = NO;
				GCC_DYNAMIC_NO_PIC = NO;
				GCC_GENERATE_DEBUGGING_SYMBOLS = YES;
				GCC_OPTIMIZATION_LEVEL = 0;
				PRODUCT_NAME = "Letterbox Installer";
			};
			name = Debug;
		};
		9358AEB20A37E15300E13548 /* Release */ = {
			isa = XCBuildConfiguration;
			buildSettings = {
				COPY_PHASE_STRIP = YES;
				GCC_ENABLE_FIX_AND_CONTINUE = NO;
				GCC_GENERATE_DEBUGGING_SYMBOLS = NO;
				PRODUCT_NAME = "Letterbox Installer";
				ZERO_LINK = NO;
			};
			name = Release;
		};
/* End XCBuildConfiguration section */

/* Begin XCConfigurationList section */
		1DEB913A08733D840010E9CD /* Build configuration list for PBXNativeTarget "Letterbox" */ = {
			isa = XCConfigurationList;
			buildConfigurations = (
				1DEB913B08733D840010E9CD /* Debug */,
				1DEB913C08733D840010E9CD /* Release */,
			);
			defaultConfigurationIsVisible = 0;
			defaultConfigurationName = Release;
		};
		1DEB913E08733D840010E9CD /* Build configuration list for PBXProject "Letterbox" */ = {
			isa = XCConfigurationList;
			buildConfigurations = (
				1DEB913F08733D840010E9CD /* Debug */,
				1DEB914008733D840010E9CD /* Release */,
			);
			defaultConfigurationIsVisible = 0;
			defaultConfigurationName = Release;
		};
		9358AEB00A37E15300E13548 /* Build configuration list for PBXAggregateTarget "Letterbox Installer" */ = {
			isa = XCConfigurationList;
			buildConfigurations = (
				9358AEB10A37E15300E13548 /* Debug */,
				9358AEB20A37E15300E13548 /* Release */,
			);
			defaultConfigurationIsVisible = 0;
			defaultConfigurationName = Release;
		};
/* End XCConfigurationList section */
	};
	rootObject = 089C1669FE841209C02AAC07 /* Project object */;
}
